
Microsoft Visual Studio Solution File, Format Version 12.00
# Visual Studio 15
VisualStudioVersion = 15.0.27004.2010
MinimumVisualStudioVersion = 10.0.40219.1
Project("{FAE04EC0-301F-11D3-BF4B-00C04F79EFBC}") = "TestWebApp", "TestWebApp\TestWebApp.csproj", "{C81DD77C-F31E-43A1-A541-B3F4E24AE552}"
EndProject
Project("{9A19103F-16F7-4668-BE54-9A1E7A4F7556}") = "DomainClass", "DomainClass\DomainClass.csproj", "{2316D8BF-14E8-4FD9-80C8-5DDB4BE4EA85}"
EndProject
Project("{FAE04EC0-301F-11D3-BF4B-00C04F79EFBC}") = "WebApplicationAPIV-2", "WebApplicationAPIV-2\WebApplicationAPIV-2.csproj", "{54B98494-7339-497D-8447-88309DEA12BC}"
EndProject
Global
	GlobalSection(SolutionConfigurationPlatforms) = preSolution
		Debug|Any CPU = Debug|Any CPU
		Release|Any CPU = Release|Any CPU
	EndGlobalSection
	GlobalSection(ProjectConfigurationPlatforms) = postSolution
		{C81DD77C-F31E-43A1-A541-B3F4E24AE552}.Debug|Any CPU.ActiveCfg = Debug|Any CPU
		{C81DD77C-F31E-43A1-A541-B3F4E24AE552}.Debug|Any CPU.Build.0 = Debug|Any CPU
		{C81DD77C-F31E-43A1-A541-B3F4E24AE552}.Release|Any CPU.ActiveCfg = Release|Any CPU
		{C81DD77C-F31E-43A1-A541-B3F4E24AE552}.Release|Any CPU.Build.0 = Release|Any CPU
		{2316D8BF-14E8-4FD9-80C8-5DDB4BE4EA85}.Debug|Any CPU.ActiveCfg = Debug|Any CPU
		{2316D8BF-14E8-4FD9-80C8-5DDB4BE4EA85}.Debug|Any CPU.Build.0 = Debug|Any CPU
		{2316D8BF-14E8-4FD9-80C8-5DDB4BE4EA85}.Release|Any CPU.ActiveCfg = Release|Any CPU
		{2316D8BF-14E8-4FD9-80C8-5DDB4BE4EA85}.Release|Any CPU.Build.0 = Release|Any CPU
		{54B98494-7339-497D-8447-88309DEA12BC}.Debug|Any CPU.ActiveCfg = Debug|Any CPU
		{54B98494-7339-497D-8447-88309DEA12BC}.Debug|Any CPU.Build.0 = Debug|Any CPU
		{54B98494-7339-497D-8447-88309DEA12BC}.Release|Any CPU.ActiveCfg = Release|Any CPU
		{54B98494-7339-497D-8447-88309DEA12BC}.Release|Any CPU.Build.0 = Release|Any CPU
	EndGlobalSection
	GlobalSection(SolutionProperties) = preSolution
		HideSolutionNode = FALSE
	EndGlobalSection
	GlobalSection(ExtensibilityGlobals) = postSolution
		SolutionGuid = {7B562AF0-76B1-45C7-8480-D6EB7C2FB2DB}
	EndGlobalSection
EndGlobal
